Microsoft Visual Studio Solution File, Format Version 12.00
# Visual Studio 14
VisualStudioVersion = 14.0.25123.0
MinimumVisualStudioVersion = 10.0.40219.1
Project("{FAE04EC0-301F-11D3-BF4B-00C04F79EFBC}") = "DataAuditor-Console", "DataAuditor-Console\DataAuditor-Console.csproj", "{A644A974-A1A9-4989-B9A6-1CE7A582BDCD}"
EndProject
Project("{FAE04EC0-301F-11D3-BF4B-00C04F79EFBC}") = "DataAuditor-GUI", "DataAuditor-GUI\DataAuditor-GUI.csproj", "{B09BBCE8-EC11-43EC-BBBC-CE6CED9ADA7D}"
EndProject
Project("{2150E333-8FDC-42A3-9474-1A3956D46DE8}") = "Audit Tests", "Audit Tests", "{F604283F-75D8-4CB2-AA66-CAFFC67A173B}"
	ProjectSection(SolutionItems) = preProject
		Audit Tests\TestAudit.xml = Audit Tests\TestAudit.xml
	EndProjectSection
EndProject
Project("{FAE04EC0-301F-11D3-BF4B-00C04F79EFBC}") = "NDataAudit.Framework", "NDataAudit\NDataAudit.Framework.csproj", "{53D6FB23-ABBD-4E35-9A5D-91E17BE5F19D}"
EndProject
Global
	GlobalSection(SolutionConfigurationPlatforms) = preSolution
		Debug|Any CPU = Debug|Any CPU
		Release|Any CPU = Release|Any CPU
	EndGlobalSection
	GlobalSection(ProjectConfigurationPlatforms) = postSolution
		{A644A974-A1A9-4989-B9A6-1CE7A582BDCD}.Debug|Any CPU.ActiveCfg = Debug|Any CPU
		{A644A974-A1A9-4989-B9A6-1CE7A582BDCD}.Debug|Any CPU.Build.0 = Debug|Any CPU
		{A644A974-A1A9-4989-B9A6-1CE7A582BDCD}.Release|Any CPU.ActiveCfg = Release|Any CPU
		{A644A974-A1A9-4989-B9A6-1CE7A582BDCD}.Release|Any CPU.Build.0 = Release|Any CPU
		{B09BBCE8-EC11-43EC-BBBC-CE6CED9ADA7D}.Debug|Any CPU.ActiveCfg = Debug|Any CPU
		{B09BBCE8-EC11-43EC-BBBC-CE6CED9ADA7D}.Debug|Any CPU.Build.0 = Debug|Any CPU
		{B09BBCE8-EC11-43EC-BBBC-CE6CED9ADA7D}.Release|Any CPU.ActiveCfg = Release|Any CPU
		{B09BBCE8-EC11-43EC-BBBC-CE6CED9ADA7D}.Release|Any CPU.Build.0 = Release|Any CPU
		{53D6FB23-ABBD-4E35-9A5D-91E17BE5F19D}.Debug|Any CPU.ActiveCfg = Debug|Any CPU
		{53D6FB23-ABBD-4E35-9A5D-91E17BE5F19D}.Debug|Any CPU.Build.0 = Debug|Any CPU
		{53D6FB23-ABBD-4E35-9A5D-91E17BE5F19D}.Release|Any CPU.ActiveCfg = Release|Any CPU
		{53D6FB23-ABBD-4E35-9A5D-91E17BE5F19D}.Release|Any CPU.Build.0 = Release|Any CPU
	EndGlobalSection
	GlobalSection(SolutionProperties) = preSolution
		HideSolutionNode = FALSE
	EndGlobalSection
EndGlobal
