Microsoft Visual Studio Solution File, Format Version 12.00
# Visual Studio 15
VisualStudioVersion = 15.0.26228.12
MinimumVisualStudioVersion = 10.0.40219.1
Project("{FAE04EC0-301F-11D3-BF4B-00C04F79EFBC}") = "DataAuditor-Console", "DataAuditor-Console\DataAuditor-Console.csproj", "{A644A974-A1A9-4989-B9A6-1CE7A582BDCD}"
EndProject
Project("{FAE04EC0-301F-11D3-BF4B-00C04F79EFBC}") = "DataAuditor-GUI", "DataAuditor-GUI\DataAuditor-GUI.csproj", "{B09BBCE8-EC11-43EC-BBBC-CE6CED9ADA7D}"
EndProject
Project("{2150E333-8FDC-42A3-9474-1A3956D46DE8}") = "Audit Tests", "Audit Tests", "{F604283F-75D8-4CB2-AA66-CAFFC67A173B}"
	ProjectSection(SolutionItems) = preProject
		Audit Tests\TestAudit.xml = Audit Tests\TestAudit.xml
	EndProjectSection
EndProject
Project("{FAE04EC0-301F-11D3-BF4B-00C04F79EFBC}") = "NDataAudit.Data.SqlServer", "NAudit.Data.SqlServer\NDataAudit.Data.SqlServer.csproj", "{4BF12745-95D2-4853-A2BD-5D88221AC1C8}"
EndProject
Project("{FAE04EC0-301F-11D3-BF4B-00C04F79EFBC}") = "NDataAudit.Data.MySql", "NAudit.Data.MySql\NDataAudit.Data.MySql.csproj", "{F2553D1D-3214-47A8-87BC-0B9B278DD23E}"
EndProject
Project("{FAE04EC0-301F-11D3-BF4B-00C04F79EFBC}") = "NDataAudit.Data.Sqlite", "NAudit.Data.Sqlite\NDataAudit.Data.Sqlite.csproj", "{7A820EDE-657D-4D17-BA22-A6F0C4B3E313}"
EndProject
Project("{FAE04EC0-301F-11D3-BF4B-00C04F79EFBC}") = "NDataAudit.Data", "NAudit.Data\NDataAudit.Data.csproj", "{B4735746-C56A-4CA0-9B3A-E34F2404212D}"
EndProject
Project("{FAE04EC0-301F-11D3-BF4B-00C04F79EFBC}") = "NDataAudit.Framework", "NAudit\NDataAudit.Framework.csproj", "{53D6FB23-ABBD-4E35-9A5D-91E17BE5F19D}"
EndProject
Project("{FAE04EC0-301F-11D3-BF4B-00C04F79EFBC}") = "NDataAudit.Data.PostgreSql", "NAudit.Data.PostgreSql\NDataAudit.Data.PostgreSql.csproj", "{91101497-8B55-4D36-BFB3-248FA8D9E803}"
EndProject
Project("{FAE04EC0-301F-11D3-BF4B-00C04F79EFBC}") = "NDataAudit.Data.Hadoop.Hive", "NAudit.Data.Hadoop.Hive\NDataAudit.Data.Hadoop.Hive.csproj", "{357E4CA1-209E-4BFA-8F8B-139432771D2D}"
EndProject
Project("{2150E333-8FDC-42A3-9474-1A3956D46DE8}") = "Solution Items", "Solution Items", "{D242856B-F857-4C27-B68E-55F4B47D167C}"
	ProjectSection(SolutionItems) = preProject
		README.md = README.md
	EndProjectSection
EndProject
Project("{2150E333-8FDC-42A3-9474-1A3956D46DE8}") = "images", "images", "{74D59B0E-3BC2-4AE8-87E6-4391605373B1}"
	ProjectSection(SolutionItems) = preProject
		images\32_HBase.png = images\32_HBase.png
		images\32_Hive.png = images\32_Hive.png
		images\32_Hortonworks.png = images\32_Hortonworks.png
		images\32_MongoDb.png = images\32_MongoDb.png
		images\32_MySQL.png = images\32_MySQL.png
		images\32_PostGres.png = images\32_PostGres.png
		images\32_RavenDb.png = images\32_RavenDb.png
		images\32_Redshift.png = images\32_Redshift.png
		images\32_ReSharper.png = images\32_ReSharper.png
		images\32_Sqlite.png = images\32_Sqlite.png
		images\32_SQLServer.png = images\32_SQLServer.png
	EndProjectSection
EndProject
Global
	GlobalSection(SolutionConfigurationPlatforms) = preSolution
		Debug|Any CPU = Debug|Any CPU
		Release|Any CPU = Release|Any CPU
	EndGlobalSection
	GlobalSection(ProjectConfigurationPlatforms) = postSolution
		{A644A974-A1A9-4989-B9A6-1CE7A582BDCD}.Debug|Any CPU.ActiveCfg = Debug|Any CPU
		{A644A974-A1A9-4989-B9A6-1CE7A582BDCD}.Debug|Any CPU.Build.0 = Debug|Any CPU
		{A644A974-A1A9-4989-B9A6-1CE7A582BDCD}.Release|Any CPU.ActiveCfg = Release|Any CPU
		{A644A974-A1A9-4989-B9A6-1CE7A582BDCD}.Release|Any CPU.Build.0 = Release|Any CPU
		{B09BBCE8-EC11-43EC-BBBC-CE6CED9ADA7D}.Debug|Any CPU.ActiveCfg = Debug|Any CPU
		{B09BBCE8-EC11-43EC-BBBC-CE6CED9ADA7D}.Debug|Any CPU.Build.0 = Debug|Any CPU
		{B09BBCE8-EC11-43EC-BBBC-CE6CED9ADA7D}.Release|Any CPU.ActiveCfg = Release|Any CPU
		{B09BBCE8-EC11-43EC-BBBC-CE6CED9ADA7D}.Release|Any CPU.Build.0 = Release|Any CPU
		{4BF12745-95D2-4853-A2BD-5D88221AC1C8}.Debug|Any CPU.ActiveCfg = Debug|Any CPU
		{4BF12745-95D2-4853-A2BD-5D88221AC1C8}.Debug|Any CPU.Build.0 = Debug|Any CPU
		{4BF12745-95D2-4853-A2BD-5D88221AC1C8}.Release|Any CPU.ActiveCfg = Release|Any CPU
		{4BF12745-95D2-4853-A2BD-5D88221AC1C8}.Release|Any CPU.Build.0 = Release|Any CPU
		{F2553D1D-3214-47A8-87BC-0B9B278DD23E}.Debug|Any CPU.ActiveCfg = Debug|Any CPU
		{F2553D1D-3214-47A8-87BC-0B9B278DD23E}.Debug|Any CPU.Build.0 = Debug|Any CPU
		{F2553D1D-3214-47A8-87BC-0B9B278DD23E}.Release|Any CPU.ActiveCfg = Release|Any CPU
		{F2553D1D-3214-47A8-87BC-0B9B278DD23E}.Release|Any CPU.Build.0 = Release|Any CPU
		{7A820EDE-657D-4D17-BA22-A6F0C4B3E313}.Debug|Any CPU.ActiveCfg = Debug|Any CPU
		{7A820EDE-657D-4D17-BA22-A6F0C4B3E313}.Debug|Any CPU.Build.0 = Debug|Any CPU
		{7A820EDE-657D-4D17-BA22-A6F0C4B3E313}.Release|Any CPU.ActiveCfg = Release|Any CPU
		{7A820EDE-657D-4D17-BA22-A6F0C4B3E313}.Release|Any CPU.Build.0 = Release|Any CPU
		{B4735746-C56A-4CA0-9B3A-E34F2404212D}.Debug|Any CPU.ActiveCfg = Debug|Any CPU
		{B4735746-C56A-4CA0-9B3A-E34F2404212D}.Debug|Any CPU.Build.0 = Debug|Any CPU
		{B4735746-C56A-4CA0-9B3A-E34F2404212D}.Release|Any CPU.ActiveCfg = Release|Any CPU
		{B4735746-C56A-4CA0-9B3A-E34F2404212D}.Release|Any CPU.Build.0 = Release|Any CPU
		{53D6FB23-ABBD-4E35-9A5D-91E17BE5F19D}.Debug|Any CPU.ActiveCfg = Debug|Any CPU
		{53D6FB23-ABBD-4E35-9A5D-91E17BE5F19D}.Debug|Any CPU.Build.0 = Debug|Any CPU
		{53D6FB23-ABBD-4E35-9A5D-91E17BE5F19D}.Release|Any CPU.ActiveCfg = Release|Any CPU
		{53D6FB23-ABBD-4E35-9A5D-91E17BE5F19D}.Release|Any CPU.Build.0 = Release|Any CPU
		{91101497-8B55-4D36-BFB3-248FA8D9E803}.Debug|Any CPU.ActiveCfg = Debug|Any CPU
		{91101497-8B55-4D36-BFB3-248FA8D9E803}.Debug|Any CPU.Build.0 = Debug|Any CPU
		{91101497-8B55-4D36-BFB3-248FA8D9E803}.Release|Any CPU.ActiveCfg = Release|Any CPU
		{91101497-8B55-4D36-BFB3-248FA8D9E803}.Release|Any CPU.Build.0 = Release|Any CPU
		{357E4CA1-209E-4BFA-8F8B-139432771D2D}.Debug|Any CPU.ActiveCfg = Debug|Any CPU
		{357E4CA1-209E-4BFA-8F8B-139432771D2D}.Debug|Any CPU.Build.0 = Debug|Any CPU
		{357E4CA1-209E-4BFA-8F8B-139432771D2D}.Release|Any CPU.ActiveCfg = Release|Any CPU
		{357E4CA1-209E-4BFA-8F8B-139432771D2D}.Release|Any CPU.Build.0 = Release|Any CPU
	EndGlobalSection
	GlobalSection(SolutionProperties) = preSolution
		HideSolutionNode = FALSE
	EndGlobalSection
EndGlobal
