Microsoft Visual Studio Solution File, Format Version 8.00
Project("{FAE04EC0-301F-11D3-BF4B-00C04F79EFBC}") = "NAudit-Console", "NAudit-Console.csproj", "{A644A974-A1A9-4989-B9A6-1CE7A582BDCD}"
	ProjectSection(ProjectDependencies) = postProject
	EndProjectSection
EndProject
Project("{FAE04EC0-301F-11D3-BF4B-00C04F79EFBC}") = "NAudit.Framework", "..\NAudit\NAudit.Framework.csproj", "{53D6FB23-ABBD-4E35-9A5D-91E17BE5F19D}"
	ProjectSection(ProjectDependencies) = postProject
	EndProjectSection
EndProject
Global
	GlobalSection(SolutionConfiguration) = preSolution
		Debug = Debug
		Release = Release
	EndGlobalSection
	GlobalSection(ProjectConfiguration) = postSolution
		{A644A974-A1A9-4989-B9A6-1CE7A582BDCD}.Debug.ActiveCfg = Debug|.NET
		{A644A974-A1A9-4989-B9A6-1CE7A582BDCD}.Debug.Build.0 = Debug|.NET
		{A644A974-A1A9-4989-B9A6-1CE7A582BDCD}.Release.ActiveCfg = Release|.NET
		{A644A974-A1A9-4989-B9A6-1CE7A582BDCD}.Release.Build.0 = Release|.NET
		{53D6FB23-ABBD-4E35-9A5D-91E17BE5F19D}.Debug.ActiveCfg = Debug|.NET
		{53D6FB23-ABBD-4E35-9A5D-91E17BE5F19D}.Debug.Build.0 = Debug|.NET
		{53D6FB23-ABBD-4E35-9A5D-91E17BE5F19D}.Release.ActiveCfg = Release|.NET
		{53D6FB23-ABBD-4E35-9A5D-91E17BE5F19D}.Release.Build.0 = Release|.NET
	EndGlobalSection
	GlobalSection(ExtensibilityGlobals) = postSolution
	EndGlobalSection
	GlobalSection(ExtensibilityAddIns) = postSolution
	EndGlobalSection
EndGlobal
